// !$*UTF8*$!
{
	archiveVersion = 1;
	classes = {
	};
	objectVersion = 56;
	objects = {

/* Begin PBXBuildFile section */
		CB003F452B13588C008584F1 /* Date+RawRepresentable.swift in Sources */ = {isa = PBXBuildFile; fileRef = CB003F442B13588C008584F1 /* Date+RawRepresentable.swift */; };
		CB0741702B05D0880000CCCC /* Launch Screen.storyboard in Resources */ = {isa = PBXBuildFile; fileRef = CB07416F2B05D0880000CCCC /* Launch Screen.storyboard */; };
		CB1BA6E92B12D02F004F4CBE /* AppDelegate.swift in Sources */ = {isa = PBXBuildFile; fileRef = CB1BA6E82B12D02F004F4CBE /* AppDelegate.swift */; };
		CB1BA6EB2B132354004F4CBE /* SettingsManager.swift in Sources */ = {isa = PBXBuildFile; fileRef = CB1BA6EA2B132354004F4CBE /* SettingsManager.swift */; };
		CBA2C7B22B082D9B00A27DE1 /* ScriptureManager.swift in Sources */ = {isa = PBXBuildFile; fileRef = CBA2C7B12B082D9B00A27DE1 /* ScriptureManager.swift */; };
		CBA2C7B52B09BB1700A27DE1 /* StarterScriptures.json in Resources */ = {isa = PBXBuildFile; fileRef = CBA2C7B42B09BB1700A27DE1 /* StarterScriptures.json */; };
		CBAC66612B0DB5C30044BBE7 /* MainTabView.swift in Sources */ = {isa = PBXBuildFile; fileRef = CBAC66602B0DB5C30044BBE7 /* MainTabView.swift */; };
		CBAC66632B0DB75D0044BBE7 /* SettingsView.swift in Sources */ = {isa = PBXBuildFile; fileRef = CBAC66622B0DB75D0044BBE7 /* SettingsView.swift */; };
		CBAC66652B0DB7A60044BBE7 /* ScripturesListView.swift in Sources */ = {isa = PBXBuildFile; fileRef = CBAC66642B0DB7A60044BBE7 /* ScripturesListView.swift */; };
		CBAC66672B12AFD60044BBE7 /* NotificationManager.swift in Sources */ = {isa = PBXBuildFile; fileRef = CBAC66662B12AFD60044BBE7 /* NotificationManager.swift */; };
		CBD43F6B2B01DD23003CF5F7 /* YourWordApp.swift in Sources */ = {isa = PBXBuildFile; fileRef = CBD43F6A2B01DD23003CF5F7 /* YourWordApp.swift */; };
		CBD43F712B01DD24003CF5F7 /* Assets.xcassets in Resources */ = {isa = PBXBuildFile; fileRef = CBD43F702B01DD24003CF5F7 /* Assets.xcassets */; };
		CBD43F742B01DD24003CF5F7 /* Preview Assets.xcassets in Resources */ = {isa = PBXBuildFile; fileRef = CBD43F732B01DD24003CF5F7 /* Preview Assets.xcassets */; };
		CBD43F7E2B01DD24003CF5F7 /* YourWordTests.swift in Sources */ = {isa = PBXBuildFile; fileRef = CBD43F7D2B01DD24003CF5F7 /* YourWordTests.swift */; };
		CBD43F882B01DD24003CF5F7 /* YourWordUITests.swift in Sources */ = {isa = PBXBuildFile; fileRef = CBD43F872B01DD24003CF5F7 /* YourWordUITests.swift */; };
		CBD43F8A2B01DD24003CF5F7 /* YourWordUITestsLaunchTests.swift in Sources */ = {isa = PBXBuildFile; fileRef = CBD43F892B01DD24003CF5F7 /* YourWordUITestsLaunchTests.swift */; };
		CBD43F982B01DEA2003CF5F7 /* Scripture.swift in Sources */ = {isa = PBXBuildFile; fileRef = CBD43F972B01DEA2003CF5F7 /* Scripture.swift */; };
		CBD43F9E2B01E105003CF5F7 /* MemorizeView.swift in Sources */ = {isa = PBXBuildFile; fileRef = CBD43F9D2B01E105003CF5F7 /* MemorizeView.swift */; };
		CBD43FA12B01E189003CF5F7 /* ScriptureView.swift in Sources */ = {isa = PBXBuildFile; fileRef = CBD43FA02B01E189003CF5F7 /* ScriptureView.swift */; };
		CBF969122B14A851003D90FE /* Translation.swift in Sources */ = {isa = PBXBuildFile; fileRef = CBF969112B14A851003D90FE /* Translation.swift */; };
		CBF969142B14A87D003D90FE /* Passage.swift in Sources */ = {isa = PBXBuildFile; fileRef = CBF969132B14A87D003D90FE /* Passage.swift */; };
		CBF969182B158429003D90FE /* ScriptureRevealView.swift in Sources */ = {isa = PBXBuildFile; fileRef = CBF969172B158429003D90FE /* ScriptureRevealView.swift */; };
		CBFFAB352B0B3DF700C864C9 /* ScriptureModelContainer.swift in Sources */ = {isa = PBXBuildFile; fileRef = CBFFAB342B0B3DF700C864C9 /* ScriptureModelContainer.swift */; };
		CBFFAB382B0B4F2400C864C9 /* ModelContext+sqliteCommand.swift in Sources */ = {isa = PBXBuildFile; fileRef = CBFFAB372B0B4F2400C864C9 /* ModelContext+sqliteCommand.swift */; };
/* End PBXBuildFile section */

/* Begin PBXContainerItemProxy section */
		CBD43F7A2B01DD24003CF5F7 /* PBXContainerItemProxy */ = {
			isa = PBXContainerItemProxy;
			containerPortal = CBD43F5F2B01DD23003CF5F7 /* Project object */;
			proxyType = 1;
			remoteGlobalIDString = CBD43F662B01DD23003CF5F7;
			remoteInfo = YourWord;
		};
		CBD43F842B01DD24003CF5F7 /* PBXContainerItemProxy */ = {
			isa = PBXContainerItemProxy;
			containerPortal = CBD43F5F2B01DD23003CF5F7 /* Project object */;
			proxyType = 1;
			remoteGlobalIDString = CBD43F662B01DD23003CF5F7;
			remoteInfo = YourWord;
		};
/* End PBXContainerItemProxy section */

/* Begin PBXFileReference section */
		CB003F442B13588C008584F1 /* Date+RawRepresentable.swift */ = {isa = PBXFileReference; lastKnownFileType = sourcecode.swift; path = "Date+RawRepresentable.swift"; sourceTree = "<group>"; };
		CB07416F2B05D0880000CCCC /* Launch Screen.storyboard */ = {isa = PBXFileReference; lastKnownFileType = file.storyboard; path = "Launch Screen.storyboard"; sourceTree = "<group>"; };
		CB1BA6E82B12D02F004F4CBE /* AppDelegate.swift */ = {isa = PBXFileReference; fileEncoding = 4; lastKnownFileType = sourcecode.swift; path = AppDelegate.swift; sourceTree = "<group>"; };
		CB1BA6EA2B132354004F4CBE /* SettingsManager.swift */ = {isa = PBXFileReference; lastKnownFileType = sourcecode.swift; path = SettingsManager.swift; sourceTree = "<group>"; };
		CBA2C7B12B082D9B00A27DE1 /* ScriptureManager.swift */ = {isa = PBXFileReference; lastKnownFileType = sourcecode.swift; path = ScriptureManager.swift; sourceTree = "<group>"; };
		CBA2C7B42B09BB1700A27DE1 /* StarterScriptures.json */ = {isa = PBXFileReference; fileEncoding = 4; lastKnownFileType = text.json; path = StarterScriptures.json; sourceTree = "<group>"; };
		CBAC66602B0DB5C30044BBE7 /* MainTabView.swift */ = {isa = PBXFileReference; lastKnownFileType = sourcecode.swift; path = MainTabView.swift; sourceTree = "<group>"; };
		CBAC66622B0DB75D0044BBE7 /* SettingsView.swift */ = {isa = PBXFileReference; lastKnownFileType = sourcecode.swift; path = SettingsView.swift; sourceTree = "<group>"; };
		CBAC66642B0DB7A60044BBE7 /* ScripturesListView.swift */ = {isa = PBXFileReference; lastKnownFileType = sourcecode.swift; path = ScripturesListView.swift; sourceTree = "<group>"; };
		CBAC66662B12AFD60044BBE7 /* NotificationManager.swift */ = {isa = PBXFileReference; lastKnownFileType = sourcecode.swift; path = NotificationManager.swift; sourceTree = "<group>"; };
		CBD43F672B01DD23003CF5F7 /* YourWord.app */ = {isa = PBXFileReference; explicitFileType = wrapper.application; includeInIndex = 0; path = YourWord.app; sourceTree = BUILT_PRODUCTS_DIR; };
		CBD43F6A2B01DD23003CF5F7 /* YourWordApp.swift */ = {isa = PBXFileReference; lastKnownFileType = sourcecode.swift; path = YourWordApp.swift; sourceTree = "<group>"; };
		CBD43F702B01DD24003CF5F7 /* Assets.xcassets */ = {isa = PBXFileReference; lastKnownFileType = folder.assetcatalog; path = Assets.xcassets; sourceTree = "<group>"; };
		CBD43F732B01DD24003CF5F7 /* Preview Assets.xcassets */ = {isa = PBXFileReference; lastKnownFileType = folder.assetcatalog; path = "Preview Assets.xcassets"; sourceTree = "<group>"; };
		CBD43F792B01DD24003CF5F7 /* YourWordTests.xctest */ = {isa = PBXFileReference; explicitFileType = wrapper.cfbundle; includeInIndex = 0; path = YourWordTests.xctest; sourceTree = BUILT_PRODUCTS_DIR; };
		CBD43F7D2B01DD24003CF5F7 /* YourWordTests.swift */ = {isa = PBXFileReference; lastKnownFileType = sourcecode.swift; path = YourWordTests.swift; sourceTree = "<group>"; };
		CBD43F832B01DD24003CF5F7 /* YourWordUITests.xctest */ = {isa = PBXFileReference; explicitFileType = wrapper.cfbundle; includeInIndex = 0; path = YourWordUITests.xctest; sourceTree = BUILT_PRODUCTS_DIR; };
		CBD43F872B01DD24003CF5F7 /* YourWordUITests.swift */ = {isa = PBXFileReference; lastKnownFileType = sourcecode.swift; path = YourWordUITests.swift; sourceTree = "<group>"; };
		CBD43F892B01DD24003CF5F7 /* YourWordUITestsLaunchTests.swift */ = {isa = PBXFileReference; lastKnownFileType = sourcecode.swift; path = YourWordUITestsLaunchTests.swift; sourceTree = "<group>"; };
		CBD43F972B01DEA2003CF5F7 /* Scripture.swift */ = {isa = PBXFileReference; lastKnownFileType = sourcecode.swift; path = Scripture.swift; sourceTree = "<group>"; };
		CBD43F9D2B01E105003CF5F7 /* MemorizeView.swift */ = {isa = PBXFileReference; lastKnownFileType = sourcecode.swift; path = MemorizeView.swift; sourceTree = "<group>"; };
		CBD43FA02B01E189003CF5F7 /* ScriptureView.swift */ = {isa = PBXFileReference; lastKnownFileType = sourcecode.swift; path = ScriptureView.swift; sourceTree = "<group>"; };
		CBF969112B14A851003D90FE /* Translation.swift */ = {isa = PBXFileReference; lastKnownFileType = sourcecode.swift; path = Translation.swift; sourceTree = "<group>"; };
		CBF969132B14A87D003D90FE /* Passage.swift */ = {isa = PBXFileReference; lastKnownFileType = sourcecode.swift; path = Passage.swift; sourceTree = "<group>"; };
		CBF969172B158429003D90FE /* ScriptureRevealView.swift */ = {isa = PBXFileReference; lastKnownFileType = sourcecode.swift; path = ScriptureRevealView.swift; sourceTree = "<group>"; };
		CBFFAB342B0B3DF700C864C9 /* ScriptureModelContainer.swift */ = {isa = PBXFileReference; lastKnownFileType = sourcecode.swift; path = ScriptureModelContainer.swift; sourceTree = "<group>"; };
		CBFFAB372B0B4F2400C864C9 /* ModelContext+sqliteCommand.swift */ = {isa = PBXFileReference; lastKnownFileType = sourcecode.swift; path = "ModelContext+sqliteCommand.swift"; sourceTree = "<group>"; };
/* End PBXFileReference section */

/* Begin PBXFrameworksBuildPhase section */
		CBD43F642B01DD23003CF5F7 /* Frameworks */ = {
			isa = PBXFrameworksBuildPhase;
			buildActionMask = 2147483647;
			files = (
			);
			runOnlyForDeploymentPostprocessing = 0;
		};
		CBD43F762B01DD24003CF5F7 /* Frameworks */ = {
			isa = PBXFrameworksBuildPhase;
			buildActionMask = 2147483647;
			files = (
			);
			runOnlyForDeploymentPostprocessing = 0;
		};
		CBD43F802B01DD24003CF5F7 /* Frameworks */ = {
			isa = PBXFrameworksBuildPhase;
			buildActionMask = 2147483647;
			files = (
			);
			runOnlyForDeploymentPostprocessing = 0;
		};
/* End PBXFrameworksBuildPhase section */

/* Begin PBXGroup section */
		CBA2C7B02B082D5000A27DE1 /* Managers */ = {
			isa = PBXGroup;
			children = (
				CBAC66662B12AFD60044BBE7 /* NotificationManager.swift */,
				CB1BA6EA2B132354004F4CBE /* SettingsManager.swift */,
				CBA2C7B12B082D9B00A27DE1 /* ScriptureManager.swift */,
				CBFFAB342B0B3DF700C864C9 /* ScriptureModelContainer.swift */,
			);
			path = Managers;
			sourceTree = "<group>";
		};
		CBA2C7B32B09B83E00A27DE1 /* Resources */ = {
			isa = PBXGroup;
			children = (
				CBA2C7B42B09BB1700A27DE1 /* StarterScriptures.json */,
			);
			path = Resources;
			sourceTree = "<group>";
		};
		CBD43F5E2B01DD23003CF5F7 = {
			isa = PBXGroup;
			children = (
				CBD43F692B01DD23003CF5F7 /* YourWord */,
				CBD43F7C2B01DD24003CF5F7 /* YourWordTests */,
				CBD43F862B01DD24003CF5F7 /* YourWordUITests */,
				CBD43F682B01DD23003CF5F7 /* Products */,
			);
			sourceTree = "<group>";
		};
		CBD43F682B01DD23003CF5F7 /* Products */ = {
			isa = PBXGroup;
			children = (
				CBD43F672B01DD23003CF5F7 /* YourWord.app */,
				CBD43F792B01DD24003CF5F7 /* YourWordTests.xctest */,
				CBD43F832B01DD24003CF5F7 /* YourWordUITests.xctest */,
			);
			name = Products;
			sourceTree = "<group>";
		};
		CBD43F692B01DD23003CF5F7 /* YourWord */ = {
			isa = PBXGroup;
			children = (
				CBD43F6A2B01DD23003CF5F7 /* YourWordApp.swift */,
				CB1BA6E82B12D02F004F4CBE /* AppDelegate.swift */,
				CB07416F2B05D0880000CCCC /* Launch Screen.storyboard */,
				CBFFAB362B0B4EF100C864C9 /* Extensions */,
				CBA2C7B02B082D5000A27DE1 /* Managers */,
				CBD43F962B01DE6B003CF5F7 /* Models */,
				CBD43F9C2B01E096003CF5F7 /* Views */,
				CBA2C7B32B09B83E00A27DE1 /* Resources */,
				CBD43F702B01DD24003CF5F7 /* Assets.xcassets */,
				CBD43F722B01DD24003CF5F7 /* Preview Content */,
			);
			path = YourWord;
			sourceTree = "<group>";
		};
		CBD43F722B01DD24003CF5F7 /* Preview Content */ = {
			isa = PBXGroup;
			children = (
				CBD43F732B01DD24003CF5F7 /* Preview Assets.xcassets */,
			);
			path = "Preview Content";
			sourceTree = "<group>";
		};
		CBD43F7C2B01DD24003CF5F7 /* YourWordTests */ = {
			isa = PBXGroup;
			children = (
				CBD43F7D2B01DD24003CF5F7 /* YourWordTests.swift */,
			);
			path = YourWordTests;
			sourceTree = "<group>";
		};
		CBD43F862B01DD24003CF5F7 /* YourWordUITests */ = {
			isa = PBXGroup;
			children = (
				CBD43F872B01DD24003CF5F7 /* YourWordUITests.swift */,
				CBD43F892B01DD24003CF5F7 /* YourWordUITestsLaunchTests.swift */,
			);
			path = YourWordUITests;
			sourceTree = "<group>";
		};
		CBD43F962B01DE6B003CF5F7 /* Models */ = {
			isa = PBXGroup;
			children = (
				CBF969132B14A87D003D90FE /* Passage.swift */,
				CBD43F972B01DEA2003CF5F7 /* Scripture.swift */,
				CBF969112B14A851003D90FE /* Translation.swift */,
			);
			path = Models;
			sourceTree = "<group>";
		};
		CBD43F9C2B01E096003CF5F7 /* Views */ = {
			isa = PBXGroup;
			children = (
				CBD43F9F2B01E141003CF5F7 /* Components */,
				CBAC66602B0DB5C30044BBE7 /* MainTabView.swift */,
				CBD43F9D2B01E105003CF5F7 /* MemorizeView.swift */,
				CBAC66622B0DB75D0044BBE7 /* SettingsView.swift */,
				CBF969172B158429003D90FE /* ScriptureRevealView.swift */,
				CBAC66642B0DB7A60044BBE7 /* ScripturesListView.swift */,
			);
			path = Views;
			sourceTree = "<group>";
		};
		CBD43F9F2B01E141003CF5F7 /* Components */ = {
			isa = PBXGroup;
			children = (
				CBD43FA02B01E189003CF5F7 /* ScriptureView.swift */,
			);
			path = Components;
			sourceTree = "<group>";
		};
		CBFFAB362B0B4EF100C864C9 /* Extensions */ = {
			isa = PBXGroup;
			children = (
				CBFFAB372B0B4F2400C864C9 /* ModelContext+sqliteCommand.swift */,
				CB003F442B13588C008584F1 /* Date+RawRepresentable.swift */,
			);
			path = Extensions;
			sourceTree = "<group>";
		};
/* End PBXGroup section */

/* Begin PBXNativeTarget section */
		CBD43F662B01DD23003CF5F7 /* YourWord */ = {
			isa = PBXNativeTarget;
			buildConfigurationList = CBD43F8D2B01DD24003CF5F7 /* Build configuration list for PBXNativeTarget "YourWord" */;
			buildPhases = (
				CBD43F632B01DD23003CF5F7 /* Sources */,
				CBD43F642B01DD23003CF5F7 /* Frameworks */,
				CBD43F652B01DD23003CF5F7 /* Resources */,
			);
			buildRules = (
			);
			dependencies = (
			);
			name = YourWord;
			productName = YourWord;
			productReference = CBD43F672B01DD23003CF5F7 /* YourWord.app */;
			productType = "com.apple.product-type.application";
		};
		CBD43F782B01DD24003CF5F7 /* YourWordTests */ = {
			isa = PBXNativeTarget;
			buildConfigurationList = CBD43F902B01DD24003CF5F7 /* Build configuration list for PBXNativeTarget "YourWordTests" */;
			buildPhases = (
				CBD43F752B01DD24003CF5F7 /* Sources */,
				CBD43F762B01DD24003CF5F7 /* Frameworks */,
				CBD43F772B01DD24003CF5F7 /* Resources */,
			);
			buildRules = (
			);
			dependencies = (
				CBD43F7B2B01DD24003CF5F7 /* PBXTargetDependency */,
			);
			name = YourWordTests;
			productName = YourWordTests;
			productReference = CBD43F792B01DD24003CF5F7 /* YourWordTests.xctest */;
			productType = "com.apple.product-type.bundle.unit-test";
		};
		CBD43F822B01DD24003CF5F7 /* YourWordUITests */ = {
			isa = PBXNativeTarget;
			buildConfigurationList = CBD43F932B01DD24003CF5F7 /* Build configuration list for PBXNativeTarget "YourWordUITests" */;
			buildPhases = (
				CBD43F7F2B01DD24003CF5F7 /* Sources */,
				CBD43F802B01DD24003CF5F7 /* Frameworks */,
				CBD43F812B01DD24003CF5F7 /* Resources */,
			);
			buildRules = (
			);
			dependencies = (
				CBD43F852B01DD24003CF5F7 /* PBXTargetDependency */,
			);
			name = YourWordUITests;
			productName = YourWordUITests;
			productReference = CBD43F832B01DD24003CF5F7 /* YourWordUITests.xctest */;
			productType = "com.apple.product-type.bundle.ui-testing";
		};
/* End PBXNativeTarget section */

/* Begin PBXProject section */
		CBD43F5F2B01DD23003CF5F7 /* Project object */ = {
			isa = PBXProject;
			attributes = {
				BuildIndependentTargetsInParallel = 1;
				LastSwiftUpdateCheck = 1500;
				LastUpgradeCheck = 1500;
				TargetAttributes = {
					CBD43F662B01DD23003CF5F7 = {
						CreatedOnToolsVersion = 15.0.1;
					};
					CBD43F782B01DD24003CF5F7 = {
						CreatedOnToolsVersion = 15.0.1;
						TestTargetID = CBD43F662B01DD23003CF5F7;
					};
					CBD43F822B01DD24003CF5F7 = {
						CreatedOnToolsVersion = 15.0.1;
						TestTargetID = CBD43F662B01DD23003CF5F7;
					};
				};
			};
			buildConfigurationList = CBD43F622B01DD23003CF5F7 /* Build configuration list for PBXProject "YourWord" */;
			compatibilityVersion = "Xcode 14.0";
			developmentRegion = en;
			hasScannedForEncodings = 0;
			knownRegions = (
				en,
				Base,
			);
			mainGroup = CBD43F5E2B01DD23003CF5F7;
			productRefGroup = CBD43F682B01DD23003CF5F7 /* Products */;
			projectDirPath = "";
			projectRoot = "";
			targets = (
				CBD43F662B01DD23003CF5F7 /* YourWord */,
				CBD43F782B01DD24003CF5F7 /* YourWordTests */,
				CBD43F822B01DD24003CF5F7 /* YourWordUITests */,
			);
		};
/* End PBXProject section */

/* Begin PBXResourcesBuildPhase section */
		CBD43F652B01DD23003CF5F7 /* Resources */ = {
			isa = PBXResourcesBuildPhase;
			buildActionMask = 2147483647;
			files = (
				CB0741702B05D0880000CCCC /* Launch Screen.storyboard in Resources */,
				CBD43F742B01DD24003CF5F7 /* Preview Assets.xcassets in Resources */,
				CBD43F712B01DD24003CF5F7 /* Assets.xcassets in Resources */,
				CBA2C7B52B09BB1700A27DE1 /* StarterScriptures.json in Resources */,
			);
			runOnlyForDeploymentPostprocessing = 0;
		};
		CBD43F772B01DD24003CF5F7 /* Resources */ = {
			isa = PBXResourcesBuildPhase;
			buildActionMask = 2147483647;
			files = (
			);
			runOnlyForDeploymentPostprocessing = 0;
		};
		CBD43F812B01DD24003CF5F7 /* Resources */ = {
			isa = PBXResourcesBuildPhase;
			buildActionMask = 2147483647;
			files = (
			);
			runOnlyForDeploymentPostprocessing = 0;
		};
/* End PBXResourcesBuildPhase section */

/* Begin PBXSourcesBuildPhase section */
		CBD43F632B01DD23003CF5F7 /* Sources */ = {
			isa = PBXSourcesBuildPhase;
			buildActionMask = 2147483647;
			files = (
				CBFFAB352B0B3DF700C864C9 /* ScriptureModelContainer.swift in Sources */,
				CBAC66612B0DB5C30044BBE7 /* MainTabView.swift in Sources */,
				CBD43FA12B01E189003CF5F7 /* ScriptureView.swift in Sources */,
				CBAC66672B12AFD60044BBE7 /* NotificationManager.swift in Sources */,
				CB1BA6E92B12D02F004F4CBE /* AppDelegate.swift in Sources */,
				CB003F452B13588C008584F1 /* Date+RawRepresentable.swift in Sources */,
				CBD43F9E2B01E105003CF5F7 /* MemorizeView.swift in Sources */,
				CBAC66632B0DB75D0044BBE7 /* SettingsView.swift in Sources */,
				CBF969182B158429003D90FE /* ScriptureRevealView.swift in Sources */,
				CB1BA6EB2B132354004F4CBE /* SettingsManager.swift in Sources */,
				CBA2C7B22B082D9B00A27DE1 /* ScriptureManager.swift in Sources */,
				CBD43F6B2B01DD23003CF5F7 /* YourWordApp.swift in Sources */,
				CBFFAB382B0B4F2400C864C9 /* ModelContext+sqliteCommand.swift in Sources */,
				CBF969142B14A87D003D90FE /* Passage.swift in Sources */,
				CBAC66652B0DB7A60044BBE7 /* ScripturesListView.swift in Sources */,
				CBD43F982B01DEA2003CF5F7 /* Scripture.swift in Sources */,
				CBF969122B14A851003D90FE /* Translation.swift in Sources */,
			);
			runOnlyForDeploymentPostprocessing = 0;
		};
		CBD43F752B01DD24003CF5F7 /* Sources */ = {
			isa = PBXSourcesBuildPhase;
			buildActionMask = 2147483647;
			files = (
				CBD43F7E2B01DD24003CF5F7 /* YourWordTests.swift in Sources */,
			);
			runOnlyForDeploymentPostprocessing = 0;
		};
		CBD43F7F2B01DD24003CF5F7 /* Sources */ = {
			isa = PBXSourcesBuildPhase;
			buildActionMask = 2147483647;
			files = (
				CBD43F8A2B01DD24003CF5F7 /* YourWordUITestsLaunchTests.swift in Sources */,
				CBD43F882B01DD24003CF5F7 /* YourWordUITests.swift in Sources */,
			);
			runOnlyForDeploymentPostprocessing = 0;
		};
/* End PBXSourcesBuildPhase section */

/* Begin PBXTargetDependency section */
		CBD43F7B2B01DD24003CF5F7 /* PBXTargetDependency */ = {
			isa = PBXTargetDependency;
			target = CBD43F662B01DD23003CF5F7 /* YourWord */;
			targetProxy = CBD43F7A2B01DD24003CF5F7 /* PBXContainerItemProxy */;
		};
		CBD43F852B01DD24003CF5F7 /* PBXTargetDependency */ = {
			isa = PBXTargetDependency;
			target = CBD43F662B01DD23003CF5F7 /* YourWord */;
			targetProxy = CBD43F842B01DD24003CF5F7 /* PBXContainerItemProxy */;
		};
/* End PBXTargetDependency section */

/* Begin XCBuildConfiguration section */
		CBD43F8B2B01DD24003CF5F7 /* Debug */ = {
			isa = XCBuildConfiguration;
			buildSettings = {
				ALWAYS_SEARCH_USER_PATHS = NO;
				ASSETCATALOG_COMPILER_GENERATE_SWIFT_ASSET_SYMBOL_EXTENSIONS = YES;
				CLANG_ANALYZER_NONNULL = YES;
				CLANG_ANALYZER_NUMBER_OBJECT_CONVERSION = YES_AGGRESSIVE;
				CLANG_CXX_LANGUAGE_STANDARD = "gnu++20";
				CLANG_ENABLE_MODULES = YES;
				CLANG_ENABLE_OBJC_ARC = YES;
				CLANG_ENABLE_OBJC_WEAK = YES;
				CLANG_WARN_BLOCK_CAPTURE_AUTORELEASING = YES;
				CLANG_WARN_BOOL_CONVERSION = YES;
				CLANG_WARN_COMMA = YES;
				CLANG_WARN_CONSTANT_CONVERSION = YES;
				CLANG_WARN_DEPRECATED_OBJC_IMPLEMENTATIONS = YES;
				CLANG_WARN_DIRECT_OBJC_ISA_USAGE = YES_ERROR;
				CLANG_WARN_DOCUMENTATION_COMMENTS = YES;
				CLANG_WARN_EMPTY_BODY = YES;
				CLANG_WARN_ENUM_CONVERSION = YES;
				CLANG_WARN_INFINITE_RECURSION = YES;
				CLANG_WARN_INT_CONVERSION = YES;
				CLANG_WARN_NON_LITERAL_NULL_CONVERSION = YES;
				CLANG_WARN_OBJC_IMPLICIT_RETAIN_SELF = YES;
				CLANG_WARN_OBJC_LITERAL_CONVERSION = YES;
				CLANG_WARN_OBJC_ROOT_CLASS = YES_ERROR;
				CLANG_WARN_QUOTED_INCLUDE_IN_FRAMEWORK_HEADER = YES;
				CLANG_WARN_RANGE_LOOP_ANALYSIS = YES;
				CLANG_WARN_STRICT_PROTOTYPES = YES;
				CLANG_WARN_SUSPICIOUS_MOVE = YES;
				CLANG_WARN_UNGUARDED_AVAILABILITY = YES_AGGRESSIVE;
				CLANG_WARN_UNREACHABLE_CODE = YES;
				CLANG_WARN__DUPLICATE_METHOD_MATCH = YES;
				COPY_PHASE_STRIP = NO;
				DEBUG_INFORMATION_FORMAT = dwarf;
				ENABLE_STRICT_OBJC_MSGSEND = YES;
				ENABLE_TESTABILITY = YES;
				ENABLE_USER_SCRIPT_SANDBOXING = YES;
				GCC_C_LANGUAGE_STANDARD = gnu17;
				GCC_DYNAMIC_NO_PIC = NO;
				GCC_NO_COMMON_BLOCKS = YES;
				GCC_OPTIMIZATION_LEVEL = 0;
				GCC_PREPROCESSOR_DEFINITIONS = (
					"DEBUG=1",
					"$(inherited)",
				);
				GCC_WARN_64_TO_32_BIT_CONVERSION = YES;
				GCC_WARN_ABOUT_RETURN_TYPE = YES_ERROR;
				GCC_WARN_UNDECLARED_SELECTOR = YES;
				GCC_WARN_UNINITIALIZED_AUTOS = YES_AGGRESSIVE;
				GCC_WARN_UNUSED_FUNCTION = YES;
				GCC_WARN_UNUSED_VARIABLE = YES;
				IPHONEOS_DEPLOYMENT_TARGET = 17.0;
				LOCALIZATION_PREFERS_STRING_CATALOGS = YES;
				MTL_ENABLE_DEBUG_INFO = INCLUDE_SOURCE;
				MTL_FAST_MATH = YES;
				ONLY_ACTIVE_ARCH = YES;
				SDKROOT = iphoneos;
				SWIFT_ACTIVE_COMPILATION_CONDITIONS = "DEBUG $(inherited)";
				SWIFT_OPTIMIZATION_LEVEL = "-Onone";
			};
			name = Debug;
		};
		CBD43F8C2B01DD24003CF5F7 /* Release */ = {
			isa = XCBuildConfiguration;
			buildSettings = {
				ALWAYS_SEARCH_USER_PATHS = NO;
				ASSETCATALOG_COMPILER_GENERATE_SWIFT_ASSET_SYMBOL_EXTENSIONS = YES;
				CLANG_ANALYZER_NONNULL = YES;
				CLANG_ANALYZER_NUMBER_OBJECT_CONVERSION = YES_AGGRESSIVE;
				CLANG_CXX_LANGUAGE_STANDARD = "gnu++20";
				CLANG_ENABLE_MODULES = YES;
				CLANG_ENABLE_OBJC_ARC = YES;
				CLANG_ENABLE_OBJC_WEAK = YES;
				CLANG_WARN_BLOCK_CAPTURE_AUTORELEASING = YES;
				CLANG_WARN_BOOL_CONVERSION = YES;
				CLANG_WARN_COMMA = YES;
				CLANG_WARN_CONSTANT_CONVERSION = YES;
				CLANG_WARN_DEPRECATED_OBJC_IMPLEMENTATIONS = YES;
				CLANG_WARN_DIRECT_OBJC_ISA_USAGE = YES_ERROR;
				CLANG_WARN_DOCUMENTATION_COMMENTS = YES;
				CLANG_WARN_EMPTY_BODY = YES;
				CLANG_WARN_ENUM_CONVERSION = YES;
				CLANG_WARN_INFINITE_RECURSION = YES;
				CLANG_WARN_INT_CONVERSION = YES;
				CLANG_WARN_NON_LITERAL_NULL_CONVERSION = YES;
				CLANG_WARN_OBJC_IMPLICIT_RETAIN_SELF = YES;
				CLANG_WARN_OBJC_LITERAL_CONVERSION = YES;
				CLANG_WARN_OBJC_ROOT_CLASS = YES_ERROR;
				CLANG_WARN_QUOTED_INCLUDE_IN_FRAMEWORK_HEADER = YES;
				CLANG_WARN_RANGE_LOOP_ANALYSIS = YES;
				CLANG_WARN_STRICT_PROTOTYPES = YES;
				CLANG_WARN_SUSPICIOUS_MOVE = YES;
				CLANG_WARN_UNGUARDED_AVAILABILITY = YES_AGGRESSIVE;
				CLANG_WARN_UNREACHABLE_CODE = YES;
				CLANG_WARN__DUPLICATE_METHOD_MATCH = YES;
				COPY_PHASE_STRIP = NO;
				DEBUG_INFORMATION_FORMAT = "dwarf-with-dsym";
				ENABLE_NS_ASSERTIONS = NO;
				ENABLE_STRICT_OBJC_MSGSEND = YES;
				ENABLE_USER_SCRIPT_SANDBOXING = YES;
				GCC_C_LANGUAGE_STANDARD = gnu17;
				GCC_NO_COMMON_BLOCKS = YES;
				GCC_WARN_64_TO_32_BIT_CONVERSION = YES;
				GCC_WARN_ABOUT_RETURN_TYPE = YES_ERROR;
				GCC_WARN_UNDECLARED_SELECTOR = YES;
				GCC_WARN_UNINITIALIZED_AUTOS = YES_AGGRESSIVE;
				GCC_WARN_UNUSED_FUNCTION = YES;
				GCC_WARN_UNUSED_VARIABLE = YES;
				IPHONEOS_DEPLOYMENT_TARGET = 17.0;
				LOCALIZATION_PREFERS_STRING_CATALOGS = YES;
				MTL_ENABLE_DEBUG_INFO = NO;
				MTL_FAST_MATH = YES;
				SDKROOT = iphoneos;
				SWIFT_COMPILATION_MODE = wholemodule;
				VALIDATE_PRODUCT = YES;
			};
			name = Release;
		};
		CBD43F8E2B01DD24003CF5F7 /* Debug */ = {
			isa = XCBuildConfiguration;
			buildSettings = {
				ASSETCATALOG_COMPILER_APPICON_NAME = AppIcon;
				ASSETCATALOG_COMPILER_GLOBAL_ACCENT_COLOR_NAME = AccentColor;
				CODE_SIGN_STYLE = Automatic;
				CURRENT_PROJECT_VERSION = 1;
				DEVELOPMENT_ASSET_PATHS = "\"YourWord/Preview Content\"";
				DEVELOPMENT_TEAM = M2ABT37P66;
				ENABLE_PREVIEWS = YES;
				GENERATE_INFOPLIST_FILE = YES;
				INFOPLIST_KEY_UIApplicationSceneManifest_Generation = YES;
				INFOPLIST_KEY_UIApplicationSupportsIndirectInputEvents = YES;
				INFOPLIST_KEY_UILaunchStoryboardName = "Launch Screen.storyboard";
				INFOPLIST_KEY_UISupportedInterfaceOrientations_iPad = "UIInterfaceOrientationPortrait UIInterfaceOrientationPortraitUpsideDown UIInterfaceOrientationLandscapeLeft UIInterfaceOrientationLandscapeRight";
				INFOPLIST_KEY_UISupportedInterfaceOrientations_iPhone = "UIInterfaceOrientationPortrait UIInterfaceOrientationLandscapeLeft UIInterfaceOrientationLandscapeRight";
				LD_RUNPATH_SEARCH_PATHS = (
					"$(inherited)",
					"@executable_path/Frameworks",
				);
				MARKETING_VERSION = 1.0;
				PRODUCT_BUNDLE_IDENTIFIER = com.elidora.apps.YourWord;
				PRODUCT_NAME = "$(TARGET_NAME)";
				SWIFT_EMIT_LOC_STRINGS = YES;
				SWIFT_VERSION = 5.0;
				TARGETED_DEVICE_FAMILY = "1,2";
			};
			name = Debug;
		};
		CBD43F8F2B01DD24003CF5F7 /* Release */ = {
			isa = XCBuildConfiguration;
			buildSettings = {
				ASSETCATALOG_COMPILER_APPICON_NAME = AppIcon;
				ASSETCATALOG_COMPILER_GLOBAL_ACCENT_COLOR_NAME = AccentColor;
				CODE_SIGN_STYLE = Automatic;
				CURRENT_PROJECT_VERSION = 1;
				DEVELOPMENT_ASSET_PATHS = "\"YourWord/Preview Content\"";
				DEVELOPMENT_TEAM = M2ABT37P66;
				ENABLE_PREVIEWS = YES;
				GENERATE_INFOPLIST_FILE = YES;
				INFOPLIST_KEY_UIApplicationSceneManifest_Generation = YES;
				INFOPLIST_KEY_UIApplicationSupportsIndirectInputEvents = YES;
				INFOPLIST_KEY_UILaunchStoryboardName = "Launch Screen.storyboard";
				INFOPLIST_KEY_UISupportedInterfaceOrientations_iPad = "UIInterfaceOrientationPortrait UIInterfaceOrientationPortraitUpsideDown UIInterfaceOrientationLandscapeLeft UIInterfaceOrientationLandscapeRight";
				INFOPLIST_KEY_UISupportedInterfaceOrientations_iPhone = "UIInterfaceOrientationPortrait UIInterfaceOrientationLandscapeLeft UIInterfaceOrientationLandscapeRight";
				LD_RUNPATH_SEARCH_PATHS = (
					"$(inherited)",
					"@executable_path/Frameworks",
				);
				MARKETING_VERSION = 1.0;
				PRODUCT_BUNDLE_IDENTIFIER = com.elidora.apps.YourWord;
				PRODUCT_NAME = "$(TARGET_NAME)";
				SWIFT_EMIT_LOC_STRINGS = YES;
				SWIFT_VERSION = 5.0;
				TARGETED_DEVICE_FAMILY = "1,2";
			};
			name = Release;
		};
		CBD43F912B01DD24003CF5F7 /* Debug */ = {
			isa = XCBuildConfiguration;
			buildSettings = {
				ALWAYS_EMBED_SWIFT_STANDARD_LIBRARIES = YES;
				BUNDLE_LOADER = "$(TEST_HOST)";
				CODE_SIGN_STYLE = Automatic;
				CURRENT_PROJECT_VERSION = 1;
				DEVELOPMENT_TEAM = M2ABT37P66;
				GENERATE_INFOPLIST_FILE = YES;
				IPHONEOS_DEPLOYMENT_TARGET = 17.0;
				MARKETING_VERSION = 1.0;
				PRODUCT_BUNDLE_IDENTIFIER = com.elidora.apps.YourWordTests;
				PRODUCT_NAME = "$(TARGET_NAME)";
				SWIFT_EMIT_LOC_STRINGS = NO;
				SWIFT_VERSION = 5.0;
				TARGETED_DEVICE_FAMILY = "1,2";
				TEST_HOST = "$(BUILT_PRODUCTS_DIR)/YourWord.app/$(BUNDLE_EXECUTABLE_FOLDER_PATH)/YourWord";
			};
			name = Debug;
		};
		CBD43F922B01DD24003CF5F7 /* Release */ = {
			isa = XCBuildConfiguration;
			buildSettings = {
				ALWAYS_EMBED_SWIFT_STANDARD_LIBRARIES = YES;
				BUNDLE_LOADER = "$(TEST_HOST)";
				CODE_SIGN_STYLE = Automatic;
				CURRENT_PROJECT_VERSION = 1;
				DEVELOPMENT_TEAM = M2ABT37P66;
				GENERATE_INFOPLIST_FILE = YES;
				IPHONEOS_DEPLOYMENT_TARGET = 17.0;
				MARKETING_VERSION = 1.0;
				PRODUCT_BUNDLE_IDENTIFIER = com.elidora.apps.YourWordTests;
				PRODUCT_NAME = "$(TARGET_NAME)";
				SWIFT_EMIT_LOC_STRINGS = NO;
				SWIFT_VERSION = 5.0;
				TARGETED_DEVICE_FAMILY = "1,2";
				TEST_HOST = "$(BUILT_PRODUCTS_DIR)/YourWord.app/$(BUNDLE_EXECUTABLE_FOLDER_PATH)/YourWord";
			};
			name = Release;
		};
		CBD43F942B01DD24003CF5F7 /* Debug */ = {
			isa = XCBuildConfiguration;
			buildSettings = {
				ALWAYS_EMBED_SWIFT_STANDARD_LIBRARIES = YES;
				CODE_SIGN_STYLE = Automatic;
				CURRENT_PROJECT_VERSION = 1;
				DEVELOPMENT_TEAM = M2ABT37P66;
				GENERATE_INFOPLIST_FILE = YES;
				MARKETING_VERSION = 1.0;
				PRODUCT_BUNDLE_IDENTIFIER = com.elidora.apps.YourWordUITests;
				PRODUCT_NAME = "$(TARGET_NAME)";
				SWIFT_EMIT_LOC_STRINGS = NO;
				SWIFT_VERSION = 5.0;
				TARGETED_DEVICE_FAMILY = "1,2";
				TEST_TARGET_NAME = YourWord;
			};
			name = Debug;
		};
		CBD43F952B01DD24003CF5F7 /* Release */ = {
			isa = XCBuildConfiguration;
			buildSettings = {
				ALWAYS_EMBED_SWIFT_STANDARD_LIBRARIES = YES;
				CODE_SIGN_STYLE = Automatic;
				CURRENT_PROJECT_VERSION = 1;
				DEVELOPMENT_TEAM = M2ABT37P66;
				GENERATE_INFOPLIST_FILE = YES;
				MARKETING_VERSION = 1.0;
				PRODUCT_BUNDLE_IDENTIFIER = com.elidora.apps.YourWordUITests;
				PRODUCT_NAME = "$(TARGET_NAME)";
				SWIFT_EMIT_LOC_STRINGS = NO;
				SWIFT_VERSION = 5.0;
				TARGETED_DEVICE_FAMILY = "1,2";
				TEST_TARGET_NAME = YourWord;
			};
			name = Release;
		};
/* End XCBuildConfiguration section */

/* Begin XCConfigurationList section */
		CBD43F622B01DD23003CF5F7 /* Build configuration list for PBXProject "YourWord" */ = {
			isa = XCConfigurationList;
			buildConfigurations = (
				CBD43F8B2B01DD24003CF5F7 /* Debug */,
				CBD43F8C2B01DD24003CF5F7 /* Release */,
			);
			defaultConfigurationIsVisible = 0;
			defaultConfigurationName = Release;
		};
		CBD43F8D2B01DD24003CF5F7 /* Build configuration list for PBXNativeTarget "YourWord" */ = {
			isa = XCConfigurationList;
			buildConfigurations = (
				CBD43F8E2B01DD24003CF5F7 /* Debug */,
				CBD43F8F2B01DD24003CF5F7 /* Release */,
			);
			defaultConfigurationIsVisible = 0;
			defaultConfigurationName = Release;
		};
		CBD43F902B01DD24003CF5F7 /* Build configuration list for PBXNativeTarget "YourWordTests" */ = {
			isa = XCConfigurationList;
			buildConfigurations = (
				CBD43F912B01DD24003CF5F7 /* Debug */,
				CBD43F922B01DD24003CF5F7 /* Release */,
			);
			defaultConfigurationIsVisible = 0;
			defaultConfigurationName = Release;
		};
		CBD43F932B01DD24003CF5F7 /* Build configuration list for PBXNativeTarget "YourWordUITests" */ = {
			isa = XCConfigurationList;
			buildConfigurations = (
				CBD43F942B01DD24003CF5F7 /* Debug */,
				CBD43F952B01DD24003CF5F7 /* Release */,
			);
			defaultConfigurationIsVisible = 0;
			defaultConfigurationName = Release;
		};
/* End XCConfigurationList section */
	};
	rootObject = CBD43F5F2B01DD23003CF5F7 /* Project object */;
}
